
Microsoft Visual Studio Solution File, Format Version 12.00
# Visual Studio 2012
Project("{FAE04EC0-301F-11D3-BF4B-00C04F79EFBC}") = "AppCoinsUnityPlugin5_6", "AppCoinsUnityPlugin5_6\AppCoinsUnityPlugin5_6.csproj", "{D0DFA7B5-B9C4-4416-AEA3-2122A51AF1BA}"
EndProject
Project("{FAE04EC0-301F-11D3-BF4B-00C04F79EFBC}") = "AppCoinsUnityPluginEditor5_6", "AppCoinsUnityPluginEditor5_6\AppCoinsUnityPluginEditor5_6.csproj", "{37B2BFEA-4C99-45F8-AB0F-83B562DC7DB4}"
EndProject
Project("{FAE04EC0-301F-11D3-BF4B-00C04F79EFBC}") = "AppCoinsUnityPlugin2018", "AppCoinsUnityPlugin2018\AppCoinsUnityPlugin2018.csproj", "{8EA98215-19F4-4AB6-90CE-EE1E2E79D83F}"
EndProject
Project("{FAE04EC0-301F-11D3-BF4B-00C04F79EFBC}") = "AppCoinsUnityPluginEditor2018", "AppCoinsUnityPluginEditor2018\AppCoinsUnityPluginEditor2018.csproj", "{C7753DEF-FD6A-475E-B787-0271719AAF94}"
EndProject
Project("{FAE04EC0-301F-11D3-BF4B-00C04F79EFBC}") = "AppCoinsUnityPlugin2017", "AppCoinsUnityPlugin2017\AppCoinsUnityPlugin2017.csproj", "{7654CBA9-614B-4143-BD04-79928CC9AE23}"
EndProject
Project("{FAE04EC0-301F-11D3-BF4B-00C04F79EFBC}") = "AppCoinsUnityPluginEditor2017", "AppCoinsUnityPluginEditor2017\AppCoinsUnityPluginEditor2017.csproj", "{55211CDF-39D3-490E-BC3C-CA2F20DBE61B}"
EndProject
Project("{FAE04EC0-301F-11D3-BF4B-00C04F79EFBC}") = "AppCoinsUnityPluginTests5_6", "AppCoinsUnityPluginTests5_6\AppCoinsUnityPluginTests5_6.csproj", "{F8D2BBEB-3D70-4A95-A498-5C9B115DDB09}"
EndProject
Project("{FAE04EC0-301F-11D3-BF4B-00C04F79EFBC}") = "AppCoinsUnityPluginTests2017", "AppCoinsUnityPluginTests2017\AppCoinsUnityPluginTests2017.csproj", "{FDDA0FC7-7FF2-4C40-B907-A89B8E2A981B}"
EndProject
Project("{FAE04EC0-301F-11D3-BF4B-00C04F79EFBC}") = "AppCoinsUnityPluginTests2018", "AppCoinsUnityPluginTests2018\AppCoinsUnityPluginTests2018.csproj", "{D875E7E9-6906-4C17-9DD4-C4810A76A051}"
EndProject
Global
	GlobalSection(SolutionConfigurationPlatforms) = preSolution
		Debug|Any CPU = Debug|Any CPU
		Release|Any CPU = Release|Any CPU
	EndGlobalSection
	GlobalSection(ProjectConfigurationPlatforms) = postSolution
		{D0DFA7B5-B9C4-4416-AEA3-2122A51AF1BA}.Debug|Any CPU.ActiveCfg = Debug|Any CPU
		{D0DFA7B5-B9C4-4416-AEA3-2122A51AF1BA}.Debug|Any CPU.Build.0 = Debug|Any CPU
		{D0DFA7B5-B9C4-4416-AEA3-2122A51AF1BA}.Release|Any CPU.ActiveCfg = Release|Any CPU
		{D0DFA7B5-B9C4-4416-AEA3-2122A51AF1BA}.Release|Any CPU.Build.0 = Release|Any CPU
		{37B2BFEA-4C99-45F8-AB0F-83B562DC7DB4}.Debug|Any CPU.ActiveCfg = Debug|Any CPU
		{37B2BFEA-4C99-45F8-AB0F-83B562DC7DB4}.Debug|Any CPU.Build.0 = Debug|Any CPU
		{37B2BFEA-4C99-45F8-AB0F-83B562DC7DB4}.Release|Any CPU.ActiveCfg = Release|Any CPU
		{37B2BFEA-4C99-45F8-AB0F-83B562DC7DB4}.Release|Any CPU.Build.0 = Release|Any CPU
		{8EA98215-19F4-4AB6-90CE-EE1E2E79D83F}.Debug|Any CPU.ActiveCfg = Debug|Any CPU
		{8EA98215-19F4-4AB6-90CE-EE1E2E79D83F}.Debug|Any CPU.Build.0 = Debug|Any CPU
		{8EA98215-19F4-4AB6-90CE-EE1E2E79D83F}.Release|Any CPU.ActiveCfg = Release|Any CPU
		{8EA98215-19F4-4AB6-90CE-EE1E2E79D83F}.Release|Any CPU.Build.0 = Release|Any CPU
		{C7753DEF-FD6A-475E-B787-0271719AAF94}.Debug|Any CPU.ActiveCfg = Debug|Any CPU
		{C7753DEF-FD6A-475E-B787-0271719AAF94}.Debug|Any CPU.Build.0 = Debug|Any CPU
		{C7753DEF-FD6A-475E-B787-0271719AAF94}.Release|Any CPU.ActiveCfg = Release|Any CPU
		{C7753DEF-FD6A-475E-B787-0271719AAF94}.Release|Any CPU.Build.0 = Release|Any CPU
		{7654CBA9-614B-4143-BD04-79928CC9AE23}.Debug|Any CPU.ActiveCfg = Debug|Any CPU
		{7654CBA9-614B-4143-BD04-79928CC9AE23}.Debug|Any CPU.Build.0 = Debug|Any CPU
		{7654CBA9-614B-4143-BD04-79928CC9AE23}.Release|Any CPU.ActiveCfg = Release|Any CPU
		{7654CBA9-614B-4143-BD04-79928CC9AE23}.Release|Any CPU.Build.0 = Release|Any CPU
		{55211CDF-39D3-490E-BC3C-CA2F20DBE61B}.Debug|Any CPU.ActiveCfg = Debug|Any CPU
		{55211CDF-39D3-490E-BC3C-CA2F20DBE61B}.Debug|Any CPU.Build.0 = Debug|Any CPU
		{55211CDF-39D3-490E-BC3C-CA2F20DBE61B}.Release|Any CPU.ActiveCfg = Release|Any CPU
		{55211CDF-39D3-490E-BC3C-CA2F20DBE61B}.Release|Any CPU.Build.0 = Release|Any CPU
		{F8D2BBEB-3D70-4A95-A498-5C9B115DDB09}.Debug|Any CPU.ActiveCfg = Debug|Any CPU
		{F8D2BBEB-3D70-4A95-A498-5C9B115DDB09}.Debug|Any CPU.Build.0 = Debug|Any CPU
		{F8D2BBEB-3D70-4A95-A498-5C9B115DDB09}.Release|Any CPU.ActiveCfg = Release|Any CPU
		{F8D2BBEB-3D70-4A95-A498-5C9B115DDB09}.Release|Any CPU.Build.0 = Release|Any CPU
		{FDDA0FC7-7FF2-4C40-B907-A89B8E2A981B}.Debug|Any CPU.ActiveCfg = Debug|Any CPU
		{FDDA0FC7-7FF2-4C40-B907-A89B8E2A981B}.Debug|Any CPU.Build.0 = Debug|Any CPU
		{FDDA0FC7-7FF2-4C40-B907-A89B8E2A981B}.Release|Any CPU.ActiveCfg = Release|Any CPU
		{FDDA0FC7-7FF2-4C40-B907-A89B8E2A981B}.Release|Any CPU.Build.0 = Release|Any CPU
		{D875E7E9-6906-4C17-9DD4-C4810A76A051}.Debug|Any CPU.ActiveCfg = Debug|Any CPU
		{D875E7E9-6906-4C17-9DD4-C4810A76A051}.Debug|Any CPU.Build.0 = Debug|Any CPU
		{D875E7E9-6906-4C17-9DD4-C4810A76A051}.Release|Any CPU.ActiveCfg = Release|Any CPU
		{D875E7E9-6906-4C17-9DD4-C4810A76A051}.Release|Any CPU.Build.0 = Release|Any CPU
	EndGlobalSection
	GlobalSection(MonoDevelopProperties) = preSolution
		outputpath = ../../AppcoinsUnityPlugin/Appcoins Unity/Assets/AppcoinsUnity/Scripts
	EndGlobalSection
EndGlobal
